
Microsoft Visual Studio Solution File, Format Version 12.00
# Visual Studio Version 17
VisualStudioVersion = 17.0.31903.59
MinimumVisualStudioVersion = 10.0.40219.1
Project("{FAE04EC0-301F-11D3-BF4B-00C04F79EFBC}") = "API", "API\API.csproj", "{83724249-4990-4E32-AE06-CCABC0E053E6}"
EndProject
Project("{FAE04EC0-301F-11D3-BF4B-00C04F79EFBC}") = "Application", "Application\Application.csproj", "{BDCFC236-14D4-4A57-812A-842A7BED7DA3}"
EndProject
Project("{FAE04EC0-301F-11D3-BF4B-00C04F79EFBC}") = "Domain", "Domain\Domain.csproj", "{201B4326-00AD-4E6F-811F-E29F3FD55654}"
EndProject
Project("{FAE04EC0-301F-11D3-BF4B-00C04F79EFBC}") = "Persistence", "Persistence\Persistence.csproj", "{1584C7A3-61A3-46F5-9708-F7A45A2D6817}"
EndProject
Global
	GlobalSection(SolutionConfigurationPlatforms) = preSolution
		Debug|Any CPU = Debug|Any CPU
		Release|Any CPU = Release|Any CPU
	EndGlobalSection
	GlobalSection(SolutionProperties) = preSolution
		HideSolutionNode = FALSE
	EndGlobalSection
	GlobalSection(ProjectConfigurationPlatforms) = postSolution
		{83724249-4990-4E32-AE06-CCABC0E053E6}.Debug|Any CPU.ActiveCfg = Debug|Any CPU
		{83724249-4990-4E32-AE06-CCABC0E053E6}.Debug|Any CPU.Build.0 = Debug|Any CPU
		{83724249-4990-4E32-AE06-CCABC0E053E6}.Release|Any CPU.ActiveCfg = Release|Any CPU
		{83724249-4990-4E32-AE06-CCABC0E053E6}.Release|Any CPU.Build.0 = Release|Any CPU
		{BDCFC236-14D4-4A57-812A-842A7BED7DA3}.Debug|Any CPU.ActiveCfg = Debug|Any CPU
		{BDCFC236-14D4-4A57-812A-842A7BED7DA3}.Debug|Any CPU.Build.0 = Debug|Any CPU
		{BDCFC236-14D4-4A57-812A-842A7BED7DA3}.Release|Any CPU.ActiveCfg = Release|Any CPU
		{BDCFC236-14D4-4A57-812A-842A7BED7DA3}.Release|Any CPU.Build.0 = Release|Any CPU
		{201B4326-00AD-4E6F-811F-E29F3FD55654}.Debug|Any CPU.ActiveCfg = Debug|Any CPU
		{201B4326-00AD-4E6F-811F-E29F3FD55654}.Debug|Any CPU.Build.0 = Debug|Any CPU
		{201B4326-00AD-4E6F-811F-E29F3FD55654}.Release|Any CPU.ActiveCfg = Release|Any CPU
		{201B4326-00AD-4E6F-811F-E29F3FD55654}.Release|Any CPU.Build.0 = Release|Any CPU
		{1584C7A3-61A3-46F5-9708-F7A45A2D6817}.Debug|Any CPU.ActiveCfg = Debug|Any CPU
		{1584C7A3-61A3-46F5-9708-F7A45A2D6817}.Debug|Any CPU.Build.0 = Debug|Any CPU
		{1584C7A3-61A3-46F5-9708-F7A45A2D6817}.Release|Any CPU.ActiveCfg = Release|Any CPU
		{1584C7A3-61A3-46F5-9708-F7A45A2D6817}.Release|Any CPU.Build.0 = Release|Any CPU
	EndGlobalSection
EndGlobal
